
Microsoft Visual Studio Solution File, Format Version 12.00
# Visual Studio Version 17
VisualStudioVersion = 17.5.33516.290
MinimumVisualStudioVersion = 10.0.40219.1
Project("{FAE04EC0-301F-11D3-BF4B-00C04F79EFBC}") = "FizzBuzz.Game", "FizzBuzz.Game\FizzBuzz.Game.csproj", "{1CD8A183-9E69-47D4-A049-C291DA8162D9}"
EndProject
Project("{FAE04EC0-301F-11D3-BF4B-00C04F79EFBC}") = "FizzBuzzTests", "FizzBuzzTests\FizzBuzzTests.csproj", "{4381F60F-D77F-4F94-94D8-81E5ABB5AC29}"
EndProject
Global
	GlobalSection(SolutionConfigurationPlatforms) = preSolution
		Debug|Any CPU = Debug|Any CPU
		Release|Any CPU = Release|Any CPU
	EndGlobalSection
	GlobalSection(ProjectConfigurationPlatforms) = postSolution
		{1CD8A183-9E69-47D4-A049-C291DA8162D9}.Debug|Any CPU.ActiveCfg = Debug|Any CPU
		{1CD8A183-9E69-47D4-A049-C291DA8162D9}.Debug|Any CPU.Build.0 = Debug|Any CPU
		{1CD8A183-9E69-47D4-A049-C291DA8162D9}.Release|Any CPU.ActiveCfg = Release|Any CPU
		{1CD8A183-9E69-47D4-A049-C291DA8162D9}.Release|Any CPU.Build.0 = Release|Any CPU
		{4381F60F-D77F-4F94-94D8-81E5ABB5AC29}.Debug|Any CPU.ActiveCfg = Debug|Any CPU
		{4381F60F-D77F-4F94-94D8-81E5ABB5AC29}.Debug|Any CPU.Build.0 = Debug|Any CPU
		{4381F60F-D77F-4F94-94D8-81E5ABB5AC29}.Release|Any CPU.ActiveCfg = Release|Any CPU
		{4381F60F-D77F-4F94-94D8-81E5ABB5AC29}.Release|Any CPU.Build.0 = Release|Any CPU
	EndGlobalSection
	GlobalSection(SolutionProperties) = preSolution
		HideSolutionNode = FALSE
	EndGlobalSection
	GlobalSection(ExtensibilityGlobals) = postSolution
		SolutionGuid = {1C2993C2-7433-4377-8815-5F9D6ABF9481}
	EndGlobalSection
EndGlobal
